
Microsoft Visual Studio Solution File, Format Version 12.00
# Visual Studio 15
VisualStudioVersion = 15.0.26730.12
MinimumVisualStudioVersion = 10.0.40219.1
Project("{FAE04EC0-301F-11D3-BF4B-00C04F79EFBC}") = "ClientTCP", "WindowsFormsApp3\ClientTCP.csproj", "{5D75D8BA-192B-490B-BE3A-52EA094DA09E}"
EndProject
Project("{FAE04EC0-301F-11D3-BF4B-00C04F79EFBC}") = "ServeurTCP", "WindowsFormsApp2\ServeurTCP.csproj", "{9174A4ED-EA2C-4BC3-8B2E-5C143FD16544}"
EndProject
Project("{FAE04EC0-301F-11D3-BF4B-00C04F79EFBC}") = "Methode", "ClassLibrary1\Methode.csproj", "{112E18A2-EC26-4784-84AA-0AB200228B6D}"
EndProject
Global
	GlobalSection(SolutionConfigurationPlatforms) = preSolution
		Debug|Any CPU = Debug|Any CPU
		Release|Any CPU = Release|Any CPU
	EndGlobalSection
	GlobalSection(ProjectConfigurationPlatforms) = postSolution
		{5D75D8BA-192B-490B-BE3A-52EA094DA09E}.Debug|Any CPU.ActiveCfg = Debug|Any CPU
		{5D75D8BA-192B-490B-BE3A-52EA094DA09E}.Debug|Any CPU.Build.0 = Debug|Any CPU
		{5D75D8BA-192B-490B-BE3A-52EA094DA09E}.Release|Any CPU.ActiveCfg = Release|Any CPU
		{5D75D8BA-192B-490B-BE3A-52EA094DA09E}.Release|Any CPU.Build.0 = Release|Any CPU
		{9174A4ED-EA2C-4BC3-8B2E-5C143FD16544}.Debug|Any CPU.ActiveCfg = Debug|Any CPU
		{9174A4ED-EA2C-4BC3-8B2E-5C143FD16544}.Debug|Any CPU.Build.0 = Debug|Any CPU
		{9174A4ED-EA2C-4BC3-8B2E-5C143FD16544}.Release|Any CPU.ActiveCfg = Release|Any CPU
		{9174A4ED-EA2C-4BC3-8B2E-5C143FD16544}.Release|Any CPU.Build.0 = Release|Any CPU
		{112E18A2-EC26-4784-84AA-0AB200228B6D}.Debug|Any CPU.ActiveCfg = Debug|Any CPU
		{112E18A2-EC26-4784-84AA-0AB200228B6D}.Debug|Any CPU.Build.0 = Debug|Any CPU
		{112E18A2-EC26-4784-84AA-0AB200228B6D}.Release|Any CPU.ActiveCfg = Release|Any CPU
		{112E18A2-EC26-4784-84AA-0AB200228B6D}.Release|Any CPU.Build.0 = Release|Any CPU
	EndGlobalSection
	GlobalSection(SolutionProperties) = preSolution
		HideSolutionNode = FALSE
	EndGlobalSection
	GlobalSection(ExtensibilityGlobals) = postSolution
		SolutionGuid = {6A8ED911-1093-46F1-95AF-8AECB29E3C5C}
	EndGlobalSection
EndGlobal
